
Microsoft Visual Studio Solution File, Format Version 12.00
# Visual Studio Version 17
VisualStudioVersion = 17.4.33122.133
MinimumVisualStudioVersion = 10.0.40219.1
Project("{FAE04EC0-301F-11D3-BF4B-00C04F79EFBC}") = "MegaFilmes.Api", "MegaFilmes.Api\MegaFilmes.Api.csproj", "{F7A11D21-D1CE-414D-9BDE-614C5516BA09}"
EndProject
Global
	GlobalSection(SolutionConfigurationPlatforms) = preSolution
		Debug|Any CPU = Debug|Any CPU
		Release|Any CPU = Release|Any CPU
	EndGlobalSection
	GlobalSection(ProjectConfigurationPlatforms) = postSolution
		{F7A11D21-D1CE-414D-9BDE-614C5516BA09}.Debug|Any CPU.ActiveCfg = Debug|Any CPU
		{F7A11D21-D1CE-414D-9BDE-614C5516BA09}.Debug|Any CPU.Build.0 = Debug|Any CPU
		{F7A11D21-D1CE-414D-9BDE-614C5516BA09}.Release|Any CPU.ActiveCfg = Release|Any CPU
		{F7A11D21-D1CE-414D-9BDE-614C5516BA09}.Release|Any CPU.Build.0 = Release|Any CPU
	EndGlobalSection
	GlobalSection(SolutionProperties) = preSolution
		HideSolutionNode = FALSE
	EndGlobalSection
	GlobalSection(ExtensibilityGlobals) = postSolution
		SolutionGuid = {7AF2491C-A101-42E8-BC47-E03C9AB1D113}
	EndGlobalSection
EndGlobal
